
Microsoft Visual Studio Solution File, Format Version 12.00
# Visual Studio Version 17
VisualStudioVersion = 17.8.34330.188
MinimumVisualStudioVersion = 10.0.40219.1
Project("{FAE04EC0-301F-11D3-BF4B-00C04F79EFBC}") = "WebApi", "WebApi.csproj", "{DD23C9C7-2CFC-493E-A337-61D93F4F8F08}"
EndProject
Project("{FAE04EC0-301F-11D3-BF4B-00C04F79EFBC}") = "Business", "..\Business\Business.csproj", "{29140045-90CB-4C8D-9250-D86677744BF7}"
EndProject
Project("{FAE04EC0-301F-11D3-BF4B-00C04F79EFBC}") = "DataAccess", "..\DataAccess\DataAccess.csproj", "{CE112FC7-3016-4D6C-B35F-486514F57690}"
EndProject
Project("{FAE04EC0-301F-11D3-BF4B-00C04F79EFBC}") = "Entities", "..\Entities\Entities.csproj", "{5C53069B-3CAD-4066-85AD-225190AF2C0B}"
EndProject
Project("{FAE04EC0-301F-11D3-BF4B-00C04F79EFBC}") = "Core", "..\Core\Core.csproj", "{8E1EE42B-3594-4711-BADC-064CF1EE6E7C}"
EndProject
Global
	GlobalSection(SolutionConfigurationPlatforms) = preSolution
		Debug|Any CPU = Debug|Any CPU
		Release|Any CPU = Release|Any CPU
	EndGlobalSection
	GlobalSection(ProjectConfigurationPlatforms) = postSolution
		{DD23C9C7-2CFC-493E-A337-61D93F4F8F08}.Debug|Any CPU.ActiveCfg = Debug|Any CPU
		{DD23C9C7-2CFC-493E-A337-61D93F4F8F08}.Debug|Any CPU.Build.0 = Debug|Any CPU
		{DD23C9C7-2CFC-493E-A337-61D93F4F8F08}.Release|Any CPU.ActiveCfg = Release|Any CPU
		{DD23C9C7-2CFC-493E-A337-61D93F4F8F08}.Release|Any CPU.Build.0 = Release|Any CPU
		{29140045-90CB-4C8D-9250-D86677744BF7}.Debug|Any CPU.ActiveCfg = Debug|Any CPU
		{29140045-90CB-4C8D-9250-D86677744BF7}.Debug|Any CPU.Build.0 = Debug|Any CPU
		{29140045-90CB-4C8D-9250-D86677744BF7}.Release|Any CPU.ActiveCfg = Release|Any CPU
		{29140045-90CB-4C8D-9250-D86677744BF7}.Release|Any CPU.Build.0 = Release|Any CPU
		{CE112FC7-3016-4D6C-B35F-486514F57690}.Debug|Any CPU.ActiveCfg = Debug|Any CPU
		{CE112FC7-3016-4D6C-B35F-486514F57690}.Debug|Any CPU.Build.0 = Debug|Any CPU
		{CE112FC7-3016-4D6C-B35F-486514F57690}.Release|Any CPU.ActiveCfg = Release|Any CPU
		{CE112FC7-3016-4D6C-B35F-486514F57690}.Release|Any CPU.Build.0 = Release|Any CPU
		{5C53069B-3CAD-4066-85AD-225190AF2C0B}.Debug|Any CPU.ActiveCfg = Debug|Any CPU
		{5C53069B-3CAD-4066-85AD-225190AF2C0B}.Debug|Any CPU.Build.0 = Debug|Any CPU
		{5C53069B-3CAD-4066-85AD-225190AF2C0B}.Release|Any CPU.ActiveCfg = Release|Any CPU
		{5C53069B-3CAD-4066-85AD-225190AF2C0B}.Release|Any CPU.Build.0 = Release|Any CPU
		{8E1EE42B-3594-4711-BADC-064CF1EE6E7C}.Debug|Any CPU.ActiveCfg = Debug|Any CPU
		{8E1EE42B-3594-4711-BADC-064CF1EE6E7C}.Debug|Any CPU.Build.0 = Debug|Any CPU
		{8E1EE42B-3594-4711-BADC-064CF1EE6E7C}.Release|Any CPU.ActiveCfg = Release|Any CPU
		{8E1EE42B-3594-4711-BADC-064CF1EE6E7C}.Release|Any CPU.Build.0 = Release|Any CPU
	EndGlobalSection
	GlobalSection(SolutionProperties) = preSolution
		HideSolutionNode = FALSE
	EndGlobalSection
	GlobalSection(ExtensibilityGlobals) = postSolution
		SolutionGuid = {B94AADB5-A7C4-404B-AA5E-608FCE0C1E67}
	EndGlobalSection
EndGlobal
